
Microsoft Visual Studio Solution File, Format Version 12.00
# Visual Studio 15
VisualStudioVersion = 15.0.28307.168
MinimumVisualStudioVersion = 10.0.40219.1
Project("{FAE04EC0-301F-11D3-BF4B-00C04F79EFBC}") = "CanbulutHukuk.Web", "CanbulutHukuk.Web\CanbulutHukuk.Web.csproj", "{34EA6EF4-B48B-437F-9335-5D618242D09C}"
EndProject
Global
	GlobalSection(SolutionConfigurationPlatforms) = preSolution
		Debug|Any CPU = Debug|Any CPU
		Release|Any CPU = Release|Any CPU
	EndGlobalSection
	GlobalSection(ProjectConfigurationPlatforms) = postSolution
		{34EA6EF4-B48B-437F-9335-5D618242D09C}.Debug|Any CPU.ActiveCfg = Debug|Any CPU
		{34EA6EF4-B48B-437F-9335-5D618242D09C}.Debug|Any CPU.Build.0 = Debug|Any CPU
		{34EA6EF4-B48B-437F-9335-5D618242D09C}.Release|Any CPU.ActiveCfg = Release|Any CPU
		{34EA6EF4-B48B-437F-9335-5D618242D09C}.Release|Any CPU.Build.0 = Release|Any CPU
	EndGlobalSection
	GlobalSection(SolutionProperties) = preSolution
		HideSolutionNode = FALSE
	EndGlobalSection
	GlobalSection(ExtensibilityGlobals) = postSolution
		SolutionGuid = {64FC6D2A-1119-48FE-BBF1-3670E94409A0}
	EndGlobalSection
EndGlobal
